
Microsoft Visual Studio Solution File, Format Version 12.00
# Visual Studio 15
VisualStudioVersion = 15.0.28307.329
MinimumVisualStudioVersion = 10.0.40219.1
Project("{FAE04EC0-301F-11D3-BF4B-00C04F79EFBC}") = "wfp-TicTacToe", "wfp-TicTacToe\wfp-TicTacToe.csproj", "{8D4C8A14-4791-48A3-A94A-353A71B4A8BE}"
EndProject
Global
	GlobalSection(SolutionConfigurationPlatforms) = preSolution
		Debug|Any CPU = Debug|Any CPU
		Release|Any CPU = Release|Any CPU
	EndGlobalSection
	GlobalSection(ProjectConfigurationPlatforms) = postSolution
		{8D4C8A14-4791-48A3-A94A-353A71B4A8BE}.Debug|Any CPU.ActiveCfg = Debug|Any CPU
		{8D4C8A14-4791-48A3-A94A-353A71B4A8BE}.Debug|Any CPU.Build.0 = Debug|Any CPU
		{8D4C8A14-4791-48A3-A94A-353A71B4A8BE}.Release|Any CPU.ActiveCfg = Release|Any CPU
		{8D4C8A14-4791-48A3-A94A-353A71B4A8BE}.Release|Any CPU.Build.0 = Release|Any CPU
	EndGlobalSection
	GlobalSection(SolutionProperties) = preSolution
		HideSolutionNode = FALSE
	EndGlobalSection
	GlobalSection(ExtensibilityGlobals) = postSolution
		SolutionGuid = {CD5F082F-36A0-4B6C-97DB-F1D405502E40}
	EndGlobalSection
EndGlobal
